<?xml version="1.0" encoding="UTF-8" standalone="yes" ?>
<CodeBlocks_project_file>
	<FileVersion major="1" minor="6" />
	<Project>
		<Option title="CCDDrone" />
		<Option pch_mode="2" />
		<Option compiler="gcc" />
		<Build>
			<Target title="Debug">
				<Option output="bin/Debug/CCDDrone" prefix_auto="1" extension_auto="1" />
				<Option object_output="obj/Debug/" />
				<Option type="1" />
				<Option compiler="gcc" />
				<Compiler>
					<Add option="-g" />
				</Compiler>
			</Target>
			<Target title="Release">
				<Option output="bin/Release/CCDDrone" prefix_auto="1" extension_auto="1" />
				<Option object_output="obj/Release/" />
				<Option type="1" />
				<Option compiler="gcc" />
				<Compiler>
					<Add option="-O2" />
				</Compiler>
				<Linker>
					<Add option="-s" />
				</Linker>
			</Target>
		</Build>
		<Compiler>
			<Add option="-Wall" />
			<Add option="-fexceptions" />
		</Compiler>
		<Unit filename="CCDControlDataTypes.hpp" />
		<Unit filename="CCDDApplyNewSettings.cpp" />
		<Unit filename="CCDDExpose.cpp" />
		<Unit filename="CCDDPerformEraseProcedure.cpp" />
		<Unit filename="CCDDStartupAndErase.cpp" />
		<Unit filename="CCDDUnitTests.cpp" />
		<Unit filename="CMakeLists.txt" />
		<Unit filename="FitsOps.cpp">
			<Option compile="0" />
			<Option link="0" />
		</Unit>
		<Unit filename="FitsOps.hpp" />
		<Unit filename="LeachController.cpp" />
		<Unit filename="LeachController.hpp" />
		<Unit filename="LeachControllerClkBiasMethods.cpp" />
		<Unit filename="LeachControllerConfigHandler.cpp" />
		<Unit filename="LeachControllerExpose.cpp" />
		<Unit filename="LeachControllerExpose.cpp.autosave" />
		<Unit filename="LeachControllerMiscHardwareProcedures.cpp" />
		<Unit filename="LeachControllerTimingProcedures.cpp" />
		<Unit filename="UtilityFunctions.cpp" />
		<Unit filename="UtilityFunctions.hpp" />
		<Unit filename="config/FirstTest.ini" />
		<Extensions>
			<code_completion />
			<debugger />
		</Extensions>
	</Project>
</CodeBlocks_project_file>
